version: 1
generated_at: 2026-06-01T09:37:45Z
internal: []
trusted:
  - action: actions/checkout
    refs:
      - v4
    occurrences:
      v4:
        .github/workflows/ci.yaml:
          - jobs.static.steps.[0].uses
          - jobs.test.steps.[0].uses
          - jobs.permit.steps.[0].uses
          - jobs.publish.steps.[0].uses
  - action: runs-on/cache
    refs:
      - v4
    occurrences:
      v4:
        .github/workflows/ci.yaml:
          - jobs.static.steps.[3].uses
          - jobs.static.steps.[5].uses
          - jobs.test.steps.[3].uses
          - jobs.test.steps.[5].uses
  - action: runs-on/cache/save
    refs:
      - v4
    occurrences:
      v4:
        .github/workflows/ci.yaml:
          - jobs.permit.steps.[3].uses
external:
  - action: erlef/setup-beam
    refs:
      - fc68ffb90438ef2936bbb3251622353b3dcb2f93
    occurrences:
      fc68ffb90438ef2936bbb3251622353b3dcb2f93:
        .github/workflows/ci.yaml:
          - jobs.static.steps.[1].uses
          - jobs.test.steps.[1].uses
          - jobs.publish.steps.[1].uses
local: []
docker: []
dynamic: []
